PODS:
  - FBSnapshotTestCase (2.1.4):
    - FBSnapshotTestCase/SwiftSupport (= 2.1.4)
  - FBSnapshotTestCase/Core (2.1.4)
  - FBSnapshotTestCase/SwiftSupport (2.1.4):
    - FBSnapshotTestCase/Core
  - SnapKit (4.2.0)
  - SwiftForms (1.8.2)
  - TTForm (0.1.0):
    - SnapKit
    - SwiftForms

DEPENDENCIES:
  - FBSnapshotTestCase (~> 2.1.4)
  - TTForm (from `../`)

SPEC REPOS:
  trunk:
    - FBSnapshotTestCase
    - SnapKit
    - SwiftForms

EXTERNAL SOURCES:
  TTForm:
    :path: "../"

SPEC CHECKSUMS:
  FBSnapshotTestCase: 094f9f314decbabe373b87cc339bea235a63e07a
  SnapKit: fe8a619752f3f27075cc9a90244d75c6c3f27e2a
  SwiftForms: f0d4d30401e21de87d9b7b63a4691a3d4e22bab5
  TTForm: 7afac3a3f1399340d48f428e0c7df8016ec6f355

PODFILE CHECKSUM: be5473e038a1f519564d08117d5036bb6750afe1

COCOAPODS: 1.9.1
